# This file is autogenerated, do not edit; changes may be undone by the next 'dep ensure'.


[[projects]]
  name = "github.com/BurntSushi/toml"
  packages = ["."]
  revision = "b26d9c308763d68093482582cea63d69be07a0f0"
  version = "v0.3.0"

[[projects]]
  branch = "master"
  name = "github.com/gopherjs/gopherjs"
  packages = ["js"]
  revision = "444abdf920945de5d4a977b572bcc6c674d1e4eb"

[[projects]]
  branch = "master"
  name = "github.com/hajimehoshi/go-mp3"
  packages = [".","internal/bits","internal/imdct"]
  revision = "84119c148001d072b353adb0988547d5c501a5e9"

[[projects]]
  branch = "master"
  name = "github.com/hajimehoshi/oto"
  packages = [".","internal/jni"]
  revision = "6f9c251e924d95c4b939907ad332166d3ec14c4e"

[[projects]]
  name = "github.com/mattn/go-runewidth"
  packages = ["."]
  revision = "9e777a8366cce605130a531d2cd6363d07ad7317"
  version = "v0.0.2"

[[projects]]
  branch = "master"
  name = "github.com/mitchellh/go-homedir"
  packages = ["."]
  revision = "b8bc1bf767474819792c23f32d8286a45736f1c6"

[[projects]]
  branch = "master"
  name = "github.com/nsf/termbox-go"
  packages = ["."]
  revision = "aa4a75b1c20a2b03751b1a9f7e41d58bd6f71c43"

[[projects]]
  branch = "master"
  name = "golang.org/x/mobile"
  packages = ["exp/audio/al","internal/mobileinit"]
  revision = "2a5bbaa217b81928ebbba5ab97e9a4e1449b69a7"

[solve-meta]
  analyzer-name = "dep"
  analyzer-version = 1
  inputs-digest = "d4869cbc560ded95ec47af6ac9d08b9bd0757272e026f4370a5405497c71af32"
  solver-name = "gps-cdcl"
  solver-version = 1
